// !$*UTF8*$!
{
	archiveVersion = 1;
	classes = {
	};
	objectVersion = 46;
	objects = {

/* Begin PBXBuildFile section */
		8A0CEA711DD8E022001E1AA6 /* main.cpp in Sources */ = {isa = PBXBuildFile; fileRef = 8A0CEA701DD8E022001E1AA6 /* main.cpp */; };
		8A0CEA7A1DD8E66C001E1AA6 /* Huffman.cpp in Sources */ = {isa = PBXBuildFile; fileRef = 8A0CEA781DD8E66C001E1AA6 /* Huffman.cpp */; };
		8A0CEA7D1DD8E938001E1AA6 /* MyZip.cpp in Sources */ = {isa = PBXBuildFile; fileRef = 8A0CEA7B1DD8E938001E1AA6 /* MyZip.cpp */; };
/* End PBXBuildFile section */

/* Begin PBXCopyFilesBuildPhase section */
		8A0CEA6B1DD8E022001E1AA6 /* CopyFiles */ = {
			isa = PBXCopyFilesBuildPhase;
			buildActionMask = 2147483647;
			dstPath = /usr/share/man/man1/;
			dstSubfolderSpec = 0;
			files = (
			);
			runOnlyForDeploymentPostprocessing = 1;
		};
/* End PBXCopyFilesBuildPhase section */

/* Begin PBXFileReference section */
		8A0CEA6D1DD8E022001E1AA6 /* myZip */ = {isa = PBXFileReference; explicitFileType = "compiled.mach-o.executable"; includeInIndex = 0; path = myZip; sourceTree = BUILT_PRODUCTS_DIR; };
		8A0CEA701DD8E022001E1AA6 /* main.cpp */ = {isa = PBXFileReference; lastKnownFileType = sourcecode.cpp.cpp; path = main.cpp; sourceTree = "<group>"; };
		8A0CEA771DD8E2A7001E1AA6 /* test.txt */ = {isa = PBXFileReference; fileEncoding = 4; lastKnownFileType = text; path = test.txt; sourceTree = "<group>"; };
		8A0CEA781DD8E66C001E1AA6 /* Huffman.cpp */ = {isa = PBXFileReference; fileEncoding = 4; lastKnownFileType = sourcecode.cpp.cpp; path = Huffman.cpp; sourceTree = "<group>"; };
		8A0CEA791DD8E66C001E1AA6 /* Huffman.hpp */ = {isa = PBXFileReference; fileEncoding = 4; lastKnownFileType = sourcecode.cpp.h; path = Huffman.hpp; sourceTree = "<group>"; };
		8A0CEA7B1DD8E938001E1AA6 /* MyZip.cpp */ = {isa = PBXFileReference; fileEncoding = 4; lastKnownFileType = sourcecode.cpp.cpp; path = MyZip.cpp; sourceTree = "<group>"; };
		8A0CEA7C1DD8E938001E1AA6 /* MyZip.hpp */ = {isa = PBXFileReference; fileEncoding = 4; lastKnownFileType = sourcecode.cpp.h; path = MyZip.hpp; sourceTree = "<group>"; };
/* End PBXFileReference section */

/* Begin PBXFrameworksBuildPhase section */
		8A0CEA6A1DD8E022001E1AA6 /* Frameworks */ = {
			isa = PBXFrameworksBuildPhase;
			buildActionMask = 2147483647;
			files = (
			);
			runOnlyForDeploymentPostprocessing = 0;
		};
/* End PBXFrameworksBuildPhase section */

/* Begin PBXGroup section */
		8A0CEA641DD8E022001E1AA6 = {
			isa = PBXGroup;
			children = (
				8A0CEA6F1DD8E022001E1AA6 /* myZip */,
				8A0CEA6E1DD8E022001E1AA6 /* Products */,
			);
			sourceTree = "<group>";
		};
		8A0CEA6E1DD8E022001E1AA6 /* Products */ = {
			isa = PBXGroup;
			children = (
				8A0CEA6D1DD8E022001E1AA6 /* myZip */,
			);
			name = Products;
			sourceTree = "<group>";
		};
		8A0CEA6F1DD8E022001E1AA6 /* myZip */ = {
			isa = PBXGroup;
			children = (
				8A0CEA701DD8E022001E1AA6 /* main.cpp */,
				8A0CEA771DD8E2A7001E1AA6 /* test.txt */,
				8A0CEA781DD8E66C001E1AA6 /* Huffman.cpp */,
				8A0CEA791DD8E66C001E1AA6 /* Huffman.hpp */,
				8A0CEA7B1DD8E938001E1AA6 /* MyZip.cpp */,
				8A0CEA7C1DD8E938001E1AA6 /* MyZip.hpp */,
			);
			path = myZip;
			sourceTree = "<group>";
		};
/* End PBXGroup section */

/* Begin PBXNativeTarget section */
		8A0CEA6C1DD8E022001E1AA6 /* myZip */ = {
			isa = PBXNativeTarget;
			buildConfigurationList = 8A0CEA741DD8E022001E1AA6 /* Build configuration list for PBXNativeTarget "myZip" */;
			buildPhases = (
				8A0CEA691DD8E022001E1AA6 /* Sources */,
				8A0CEA6A1DD8E022001E1AA6 /* Frameworks */,
				8A0CEA6B1DD8E022001E1AA6 /* CopyFiles */,
			);
			buildRules = (
			);
			dependencies = (
			);
			name = myZip;
			productName = myZip;
			productReference = 8A0CEA6D1DD8E022001E1AA6 /* myZip */;
			productType = "com.apple.product-type.tool";
		};
/* End PBXNativeTarget section */

/* Begin PBXProject section */
		8A0CEA651DD8E022001E1AA6 /* Project object */ = {
			isa = PBXProject;
			attributes = {
				LastUpgradeCheck = 0720;
				ORGANIZATIONNAME = "彭伟宇";
				TargetAttributes = {
					8A0CEA6C1DD8E022001E1AA6 = {
						CreatedOnToolsVersion = 7.2.1;
					};
				};
			};
			buildConfigurationList = 8A0CEA681DD8E022001E1AA6 /* Build configuration list for PBXProject "myZip" */;
			compatibilityVersion = "Xcode 3.2";
			developmentRegion = English;
			hasScannedForEncodings = 0;
			knownRegions = (
				en,
			);
			mainGroup = 8A0CEA641DD8E022001E1AA6;
			productRefGroup = 8A0CEA6E1DD8E022001E1AA6 /* Products */;
			projectDirPath = "";
			projectRoot = "";
			targets = (
				8A0CEA6C1DD8E022001E1AA6 /* myZip */,
			);
		};
/* End PBXProject section */

/* Begin PBXSourcesBuildPhase section */
		8A0CEA691DD8E022001E1AA6 /* Sources */ = {
			isa = PBXSourcesBuildPhase;
			buildActionMask = 2147483647;
			files = (
				8A0CEA7D1DD8E938001E1AA6 /* MyZip.cpp in Sources */,
				8A0CEA711DD8E022001E1AA6 /* main.cpp in Sources */,
				8A0CEA7A1DD8E66C001E1AA6 /* Huffman.cpp in Sources */,
			);
			runOnlyForDeploymentPostprocessing = 0;
		};
/* End PBXSourcesBuildPhase section */

/* Begin XCBuildConfiguration section */
		8A0CEA721DD8E022001E1AA6 /* Debug */ = {
			isa = XCBuildConfiguration;
			buildSettings = {
				ALWAYS_SEARCH_USER_PATHS = NO;
				CLANG_CXX_LANGUAGE_STANDARD = "gnu++0x";
				CLANG_CXX_LIBRARY = "libc++";
				CLANG_ENABLE_MODULES = YES;
				CLANG_ENABLE_OBJC_ARC = YES;
				CLANG_WARN_BOOL_CONVERSION = YES;
				CLANG_WARN_CONSTANT_CONVERSION = YES;
				CLANG_WARN_DIRECT_OBJC_ISA_USAGE = YES_ERROR;
				CLANG_WARN_EMPTY_BODY = YES;
				CLANG_WARN_ENUM_CONVERSION = YES;
				CLANG_WARN_INT_CONVERSION = YES;
				CLANG_WARN_OBJC_ROOT_CLASS = YES_ERROR;
				CLANG_WARN_UNREACHABLE_CODE = YES;
				CLANG_WARN__DUPLICATE_METHOD_MATCH = YES;
				CODE_SIGN_IDENTITY = "-";
				COPY_PHASE_STRIP = NO;
				DEBUG_INFORMATION_FORMAT = dwarf;
				ENABLE_STRICT_OBJC_MSGSEND = YES;
				ENABLE_TESTABILITY = YES;
				GCC_C_LANGUAGE_STANDARD = gnu99;
				GCC_DYNAMIC_NO_PIC = NO;
				GCC_NO_COMMON_BLOCKS = YES;
				GCC_OPTIMIZATION_LEVEL = 0;
				GCC_PREPROCESSOR_DEFINITIONS = (
					"DEBUG=1",
					"$(inherited)",
				);
				GCC_WARN_64_TO_32_BIT_CONVERSION = YES;
				GCC_WARN_ABOUT_RETURN_TYPE = YES_ERROR;
				GCC_WARN_UNDECLARED_SELECTOR = YES;
				GCC_WARN_UNINITIALIZED_AUTOS = YES_AGGRESSIVE;
				GCC_WARN_UNUSED_FUNCTION = YES;
				GCC_WARN_UNUSED_VARIABLE = YES;
				MACOSX_DEPLOYMENT_TARGET = 10.10;
				MTL_ENABLE_DEBUG_INFO = YES;
				ONLY_ACTIVE_ARCH = YES;
				SDKROOT = macosx;
			};
			name = Debug;
		};
		8A0CEA731DD8E022001E1AA6 /* Release */ = {
			isa = XCBuildConfiguration;
			buildSettings = {
				ALWAYS_SEARCH_USER_PATHS = NO;
				CLANG_CXX_LANGUAGE_STANDARD = "gnu++0x";
				CLANG_CXX_LIBRARY = "libc++";
				CLANG_ENABLE_MODULES = YES;
				CLANG_ENABLE_OBJC_ARC = YES;
				CLANG_WARN_BOOL_CONVERSION = YES;
				CLANG_WARN_CONSTANT_CONVERSION = YES;
				CLANG_WARN_DIRECT_OBJC_ISA_USAGE = YES_ERROR;
				CLANG_WARN_EMPTY_BODY = YES;
				CLANG_WARN_ENUM_CONVERSION = YES;
				CLANG_WARN_INT_CONVERSION = YES;
				CLANG_WARN_OBJC_ROOT_CLASS = YES_ERROR;
				CLANG_WARN_UNREACHABLE_CODE = YES;
				CLANG_WARN__DUPLICATE_METHOD_MATCH = YES;
				CODE_SIGN_IDENTITY = "-";
				COPY_PHASE_STRIP = NO;
				DEBUG_INFORMATION_FORMAT = "dwarf-with-dsym";
				ENABLE_NS_ASSERTIONS = NO;
				ENABLE_STRICT_OBJC_MSGSEND = YES;
				GCC_C_LANGUAGE_STANDARD = gnu99;
				GCC_NO_COMMON_BLOCKS = YES;
				GCC_WARN_64_TO_32_BIT_CONVERSION = YES;
				GCC_WARN_ABOUT_RETURN_TYPE = YES_ERROR;
				GCC_WARN_UNDECLARED_SELECTOR = YES;
				GCC_WARN_UNINITIALIZED_AUTOS = YES_AGGRESSIVE;
				GCC_WARN_UNUSED_FUNCTION = YES;
				GCC_WARN_UNUSED_VARIABLE = YES;
				MACOSX_DEPLOYMENT_TARGET = 10.10;
				MTL_ENABLE_DEBUG_INFO = NO;
				SDKROOT = macosx;
			};
			name = Release;
		};
		8A0CEA751DD8E022001E1AA6 /* Debug */ = {
			isa = XCBuildConfiguration;
			buildSettings = {
				PRODUCT_NAME = "$(TARGET_NAME)";
			};
			name = Debug;
		};
		8A0CEA761DD8E022001E1AA6 /* Release */ = {
			isa = XCBuildConfiguration;
			buildSettings = {
				PRODUCT_NAME = "$(TARGET_NAME)";
			};
			name = Release;
		};
/* End XCBuildConfiguration section */

/* Begin XCConfigurationList section */
		8A0CEA681DD8E022001E1AA6 /* Build configuration list for PBXProject "myZip" */ = {
			isa = XCConfigurationList;
			buildConfigurations = (
				8A0CEA721DD8E022001E1AA6 /* Debug */,
				8A0CEA731DD8E022001E1AA6 /* Release */,
			);
			defaultConfigurationIsVisible = 0;
			defaultConfigurationName = Release;
		};
		8A0CEA741DD8E022001E1AA6 /* Build configuration list for PBXNativeTarget "myZip" */ = {
			isa = XCConfigurationList;
			buildConfigurations = (
				8A0CEA751DD8E022001E1AA6 /* Debug */,
				8A0CEA761DD8E022001E1AA6 /* Release */,
			);
			defaultConfigurationIsVisible = 0;
		};
/* End XCConfigurationList section */
	};
	rootObject = 8A0CEA651DD8E022001E1AA6 /* Project object */;
}
